
Microsoft Visual Studio Solution File, Format Version 12.00
# Visual Studio Version 17
VisualStudioVersion = 17.3.32819.101
MinimumVisualStudioVersion = 10.0.40219.1
Project("{FAE04EC0-301F-11D3-BF4B-00C04F79EFBC}") = "Basic of Asp .Net core", "Basic of Asp .Net core.csproj", "{52519C1E-66A9-44AE-B419-A24B99AB7CBD}"
EndProject
Global
	GlobalSection(SolutionConfigurationPlatforms) = preSolution
		Debug|Any CPU = Debug|Any CPU
		Release|Any CPU = Release|Any CPU
	EndGlobalSection
	GlobalSection(ProjectConfigurationPlatforms) = postSolution
		{52519C1E-66A9-44AE-B419-A24B99AB7CBD}.Debug|Any CPU.ActiveCfg = Debug|Any CPU
		{52519C1E-66A9-44AE-B419-A24B99AB7CBD}.Debug|Any CPU.Build.0 = Debug|Any CPU
		{52519C1E-66A9-44AE-B419-A24B99AB7CBD}.Release|Any CPU.ActiveCfg = Release|Any CPU
		{52519C1E-66A9-44AE-B419-A24B99AB7CBD}.Release|Any CPU.Build.0 = Release|Any CPU
	EndGlobalSection
	GlobalSection(SolutionProperties) = preSolution
		HideSolutionNode = FALSE
	EndGlobalSection
	GlobalSection(ExtensibilityGlobals) = postSolution
		SolutionGuid = {52480357-8167-41D7-A209-527539EFADCD}
	EndGlobalSection
EndGlobal
