
Microsoft Visual Studio Solution File, Format Version 12.00
# Visual Studio Version 17
VisualStudioVersion = 17.3.32819.101
MinimumVisualStudioVersion = 10.0.40219.1
Project("{FAE04EC0-301F-11D3-BF4B-00C04F79EFBC}") = "WebApplication2", "WebApplication2.csproj", "{B57C6C8C-77F0-4D25-B067-C0B14A5FA373}"
EndProject
Global
	GlobalSection(SolutionConfigurationPlatforms) = preSolution
		Debug|Any CPU = Debug|Any CPU
		Release|Any CPU = Release|Any CPU
	EndGlobalSection
	GlobalSection(ProjectConfigurationPlatforms) = postSolution
		{B57C6C8C-77F0-4D25-B067-C0B14A5FA373}.Debug|Any CPU.ActiveCfg = Debug|Any CPU
		{B57C6C8C-77F0-4D25-B067-C0B14A5FA373}.Debug|Any CPU.Build.0 = Debug|Any CPU
		{B57C6C8C-77F0-4D25-B067-C0B14A5FA373}.Release|Any CPU.ActiveCfg = Release|Any CPU
		{B57C6C8C-77F0-4D25-B067-C0B14A5FA373}.Release|Any CPU.Build.0 = Release|Any CPU
	EndGlobalSection
	GlobalSection(SolutionProperties) = preSolution
		HideSolutionNode = FALSE
	EndGlobalSection
	GlobalSection(ExtensibilityGlobals) = postSolution
		SolutionGuid = {68D81AEA-10CC-41BF-BFF9-D2D1FACA7100}
	EndGlobalSection
EndGlobal
